
Microsoft Visual Studio Solution File, Format Version 12.00
# Visual Studio Version 16
VisualStudioVersion = 16.0.30204.135
MinimumVisualStudioVersion = 10.0.40219.1
Project("{FAE04EC0-301F-11D3-BF4B-00C04F79EFBC}") = "EmployeeData", "EmployeeData\EmployeeData.csproj", "{7E7BC832-5B15-4892-91F2-E1AA9429EE86}"
EndProject
Project("{FAE04EC0-301F-11D3-BF4B-00C04F79EFBC}") = "EmployeeData.Db", "EmployeeData.Db\EmployeeData.Db.csproj", "{1BD0BC99-39B1-457A-AD10-1E67B53F035B}"
EndProject
Project("{FAE04EC0-301F-11D3-BF4B-00C04F79EFBC}") = "EmployeeData.Services", "EmployeeData.Services\EmployeeData.Services.csproj", "{D1D8E97A-DB2E-4619-8FC2-0E76D32CC1E0}"
EndProject
Project("{FAE04EC0-301F-11D3-BF4B-00C04F79EFBC}") = "EmployeeData.Repositories", "EmployeeData.Repositories\EmployeeData.Repositories.csproj", "{18AC1665-D07E-404A-BD46-6BBAC38A90D9}"
EndProject
Global
	GlobalSection(SolutionConfigurationPlatforms) = preSolution
		Debug|Any CPU = Debug|Any CPU
		Release|Any CPU = Release|Any CPU
	EndGlobalSection
	GlobalSection(ProjectConfigurationPlatforms) = postSolution
		{7E7BC832-5B15-4892-91F2-E1AA9429EE86}.Debug|Any CPU.ActiveCfg = Debug|Any CPU
		{7E7BC832-5B15-4892-91F2-E1AA9429EE86}.Debug|Any CPU.Build.0 = Debug|Any CPU
		{7E7BC832-5B15-4892-91F2-E1AA9429EE86}.Release|Any CPU.ActiveCfg = Release|Any CPU
		{7E7BC832-5B15-4892-91F2-E1AA9429EE86}.Release|Any CPU.Build.0 = Release|Any CPU
		{1BD0BC99-39B1-457A-AD10-1E67B53F035B}.Debug|Any CPU.ActiveCfg = Debug|Any CPU
		{1BD0BC99-39B1-457A-AD10-1E67B53F035B}.Debug|Any CPU.Build.0 = Debug|Any CPU
		{1BD0BC99-39B1-457A-AD10-1E67B53F035B}.Release|Any CPU.ActiveCfg = Release|Any CPU
		{1BD0BC99-39B1-457A-AD10-1E67B53F035B}.Release|Any CPU.Build.0 = Release|Any CPU
		{D1D8E97A-DB2E-4619-8FC2-0E76D32CC1E0}.Debug|Any CPU.ActiveCfg = Debug|Any CPU
		{D1D8E97A-DB2E-4619-8FC2-0E76D32CC1E0}.Debug|Any CPU.Build.0 = Debug|Any CPU
		{D1D8E97A-DB2E-4619-8FC2-0E76D32CC1E0}.Release|Any CPU.ActiveCfg = Release|Any CPU
		{D1D8E97A-DB2E-4619-8FC2-0E76D32CC1E0}.Release|Any CPU.Build.0 = Release|Any CPU
		{18AC1665-D07E-404A-BD46-6BBAC38A90D9}.Debug|Any CPU.ActiveCfg = Debug|Any CPU
		{18AC1665-D07E-404A-BD46-6BBAC38A90D9}.Debug|Any CPU.Build.0 = Debug|Any CPU
		{18AC1665-D07E-404A-BD46-6BBAC38A90D9}.Release|Any CPU.ActiveCfg = Release|Any CPU
		{18AC1665-D07E-404A-BD46-6BBAC38A90D9}.Release|Any CPU.Build.0 = Release|Any CPU
	EndGlobalSection
	GlobalSection(SolutionProperties) = preSolution
		HideSolutionNode = FALSE
	EndGlobalSection
	GlobalSection(ExtensibilityGlobals) = postSolution
		SolutionGuid = {B3674743-EB7B-418D-A98E-0FA6270B74C8}
	EndGlobalSection
EndGlobal
